
Microsoft Visual Studio Solution File, Format Version 12.00
# Visual Studio Version 17
VisualStudioVersion = 17.11.35303.130
MinimumVisualStudioVersion = 10.0.40219.1
Project("{FAE04EC0-301F-11D3-BF4B-00C04F79EFBC}") = "CacheInFunctions", "CacheInFunctions\CacheInFunctions.csproj", "{197A1C82-0711-4D86-A635-DF817225EF80}"
EndProject
Global
	GlobalSection(SolutionConfigurationPlatforms) = preSolution
		Debug|Any CPU = Debug|Any CPU
		Release|Any CPU = Release|Any CPU
	EndGlobalSection
	GlobalSection(ProjectConfigurationPlatforms) = postSolution
		{197A1C82-0711-4D86-A635-DF817225EF80}.Debug|Any CPU.ActiveCfg = Debug|Any CPU
		{197A1C82-0711-4D86-A635-DF817225EF80}.Debug|Any CPU.Build.0 = Debug|Any CPU
		{197A1C82-0711-4D86-A635-DF817225EF80}.Release|Any CPU.ActiveCfg = Release|Any CPU
		{197A1C82-0711-4D86-A635-DF817225EF80}.Release|Any CPU.Build.0 = Release|Any CPU
	EndGlobalSection
	GlobalSection(SolutionProperties) = preSolution
		HideSolutionNode = FALSE
	EndGlobalSection
	GlobalSection(ExtensibilityGlobals) = postSolution
		SolutionGuid = {6A64F2A0-9F4C-4163-AA50-26B2AEEBEEFF}
	EndGlobalSection
EndGlobal
